
Microsoft Visual Studio Solution File, Format Version 11.00
# Visual Studio 2010
Project("{FAE04EC0-301F-11D3-BF4B-00C04F79EFBC}") = "AllectusLib", "AllectusLib\AllectusLib.csproj", "{FC949A84-266A-4836-8274-8B1DCCDFA2DA}"
EndProject
Project("{FAE04EC0-301F-11D3-BF4B-00C04F79EFBC}") = "Test", "Test\Test.csproj", "{429DB5E7-2AB3-4D53-9701-690E9D65CF4D}"
EndProject
Project("{FAE04EC0-301F-11D3-BF4B-00C04F79EFBC}") = "AllectusAddin", "AllectusAddin\AllectusAddin.csproj", "{30612809-A2D1-4BE5-917B-9C4D5C34E803}"
EndProject
Project("{9344bdbb-3e7f-41fc-a0dd-8665d75ee146}") = "Allectus", "Allectus\Allectus.mdproj", "{D0D458FD-95F5-4652-B9E5-B17470B270A4}"
EndProject
Global
	GlobalSection(SolutionConfigurationPlatforms) = preSolution
		Debug|Any CPU = Debug|Any CPU
		Release|Any CPU = Release|Any CPU
		Test|Any CPU = Test|Any CPU
		XUL|Any CPU = XUL|Any CPU
		AppDebug|Any CPU = AppDebug|Any CPU
	EndGlobalSection
	GlobalSection(ProjectConfigurationPlatforms) = postSolution
		{30612809-A2D1-4BE5-917B-9C4D5C34E803}.AppDebug|Any CPU.ActiveCfg = AppDebug|Any CPU
		{30612809-A2D1-4BE5-917B-9C4D5C34E803}.AppDebug|Any CPU.Build.0 = AppDebug|Any CPU
		{30612809-A2D1-4BE5-917B-9C4D5C34E803}.Debug|Any CPU.ActiveCfg = Debug|Any CPU
		{30612809-A2D1-4BE5-917B-9C4D5C34E803}.Debug|Any CPU.Build.0 = Debug|Any CPU
		{30612809-A2D1-4BE5-917B-9C4D5C34E803}.Release|Any CPU.ActiveCfg = Release|Any CPU
		{30612809-A2D1-4BE5-917B-9C4D5C34E803}.Release|Any CPU.Build.0 = Release|Any CPU
		{30612809-A2D1-4BE5-917B-9C4D5C34E803}.Test|Any CPU.ActiveCfg = Debug|Any CPU
		{30612809-A2D1-4BE5-917B-9C4D5C34E803}.XUL|Any CPU.ActiveCfg = XUL|Any CPU
		{429DB5E7-2AB3-4D53-9701-690E9D65CF4D}.AppDebug|Any CPU.ActiveCfg = AppDebug|Any CPU
		{429DB5E7-2AB3-4D53-9701-690E9D65CF4D}.Debug|Any CPU.ActiveCfg = Debug|Any CPU
		{429DB5E7-2AB3-4D53-9701-690E9D65CF4D}.Release|Any CPU.ActiveCfg = Release|Any CPU
		{429DB5E7-2AB3-4D53-9701-690E9D65CF4D}.Test|Any CPU.ActiveCfg = Test|Any CPU
		{429DB5E7-2AB3-4D53-9701-690E9D65CF4D}.Test|Any CPU.Build.0 = Test|Any CPU
		{429DB5E7-2AB3-4D53-9701-690E9D65CF4D}.XUL|Any CPU.ActiveCfg = XUL|Any CPU
		{D0D458FD-95F5-4652-B9E5-B17470B270A4}.AppDebug|Any CPU.ActiveCfg = AppDebug|Any CPU
		{D0D458FD-95F5-4652-B9E5-B17470B270A4}.Debug|Any CPU.ActiveCfg = Default|Any CPU
		{D0D458FD-95F5-4652-B9E5-B17470B270A4}.Release|Any CPU.ActiveCfg = Default|Any CPU
		{D0D458FD-95F5-4652-B9E5-B17470B270A4}.Test|Any CPU.ActiveCfg = Default|Any CPU
		{D0D458FD-95F5-4652-B9E5-B17470B270A4}.XUL|Any CPU.ActiveCfg = XUL|Any CPU
		{D0D458FD-95F5-4652-B9E5-B17470B270A4}.XUL|Any CPU.Build.0 = XUL|Any CPU
		{FC949A84-266A-4836-8274-8B1DCCDFA2DA}.AppDebug|Any CPU.ActiveCfg = AppDebug|Any CPU
		{FC949A84-266A-4836-8274-8B1DCCDFA2DA}.AppDebug|Any CPU.Build.0 = AppDebug|Any CPU
		{FC949A84-266A-4836-8274-8B1DCCDFA2DA}.Debug|Any CPU.ActiveCfg = Debug|Any CPU
		{FC949A84-266A-4836-8274-8B1DCCDFA2DA}.Debug|Any CPU.Build.0 = Debug|Any CPU
		{FC949A84-266A-4836-8274-8B1DCCDFA2DA}.Release|Any CPU.ActiveCfg = Release|Any CPU
		{FC949A84-266A-4836-8274-8B1DCCDFA2DA}.Release|Any CPU.Build.0 = Release|Any CPU
		{FC949A84-266A-4836-8274-8B1DCCDFA2DA}.Test|Any CPU.ActiveCfg = Test|Any CPU
		{FC949A84-266A-4836-8274-8B1DCCDFA2DA}.Test|Any CPU.Build.0 = Test|Any CPU
		{FC949A84-266A-4836-8274-8B1DCCDFA2DA}.XUL|Any CPU.ActiveCfg = XUL|Any CPU
	EndGlobalSection
	GlobalSection(MonoDevelopProperties) = preSolution
		StartupItems = $0
		$0.Item = Test\Test.csproj
		$0.Item = AllectusAddin\AllectusAddin.csproj
	EndGlobalSection
EndGlobal
